
Microsoft Visual Studio Solution File, Format Version 12.00
# Visual Studio Version 16
VisualStudioVersion = 16.0.29806.167
MinimumVisualStudioVersion = 10.0.40219.1
Project("{FAE04EC0-301F-11D3-BF4B-00C04F79EFBC}") = "parser", "parser\parser.csproj", "{400A34D4-5CAD-4113-86B9-D3BC42FF8C50}"
EndProject
Global
	GlobalSection(SolutionConfigurationPlatforms) = preSolution
		Debug|Any CPU = Debug|Any CPU
		Release|Any CPU = Release|Any CPU
	EndGlobalSection
	GlobalSection(ProjectConfigurationPlatforms) = postSolution
		{400A34D4-5CAD-4113-86B9-D3BC42FF8C50}.Debug|Any CPU.ActiveCfg = Debug|Any CPU
		{400A34D4-5CAD-4113-86B9-D3BC42FF8C50}.Debug|Any CPU.Build.0 = Debug|Any CPU
		{400A34D4-5CAD-4113-86B9-D3BC42FF8C50}.Release|Any CPU.ActiveCfg = Release|Any CPU
		{400A34D4-5CAD-4113-86B9-D3BC42FF8C50}.Release|Any CPU.Build.0 = Release|Any CPU
	EndGlobalSection
	GlobalSection(SolutionProperties) = preSolution
		HideSolutionNode = FALSE
	EndGlobalSection
	GlobalSection(ExtensibilityGlobals) = postSolution
		SolutionGuid = {3908DD1C-7CB3-4BEB-B71B-D6B3820B7871}
	EndGlobalSection
EndGlobal
